
Microsoft Visual Studio Solution File, Format Version 12.00
# Visual Studio 14
VisualStudioVersion = 14.0.25420.1
MinimumVisualStudioVersion = 10.0.40219.1
Project("{FAE04EC0-301F-11D3-BF4B-00C04F79EFBC}") = "TaskManager.Web", "TaskManager.Web\TaskManager.Web.csproj", "{1F085B0E-8F7C-4F73-BBEA-021158A041C7}"
EndProject
Project("{2150E333-8FDC-42A3-9474-1A3956D46DE8}") = "Data", "Data", "{616BD3B6-E5DB-47D8-B5DB-81ED23A9B3D8}"
EndProject
Project("{2150E333-8FDC-42A3-9474-1A3956D46DE8}") = "Logic", "Logic", "{734167E7-7868-4EBA-8E13-B71E2BA248BF}"
EndProject
Project("{2150E333-8FDC-42A3-9474-1A3956D46DE8}") = "Web", "Web", "{839693E2-FCBC-4340-A97A-6A837F8C3A2C}"
EndProject
Project("{FAE04EC0-301F-11D3-BF4B-00C04F79EFBC}") = "TaskManager.BLL", "TaskManager.BLL\TaskManager.BLL.csproj", "{2E9E0F0E-7422-49BD-9220-976A04C104CD}"
EndProject
Project("{FAE04EC0-301F-11D3-BF4B-00C04F79EFBC}") = "TaskManager.BLL.Contracts", "TaskManager.BLL.Contracts\TaskManager.BLL.Contracts.csproj", "{8B5C9184-327C-4D66-85A7-706ADB1C0CB2}"
EndProject
Project("{FAE04EC0-301F-11D3-BF4B-00C04F79EFBC}") = "TaskManager.DAL", "TaskManager.DAL\TaskManager.DAL.csproj", "{8D177533-67D3-4FFF-9C9A-AFF40F70AD87}"
EndProject
Project("{FAE04EC0-301F-11D3-BF4B-00C04F79EFBC}") = "TaskManager.DAL.Contracts", "TaskManager.DAL.Contracts\TaskManager.DAL.Contracts.csproj", "{23DA8101-BCFB-4C5C-BD63-9D55952776EE}"
EndProject
Project("{2150E333-8FDC-42A3-9474-1A3956D46DE8}") = "Common", "Common", "{48A0FE0C-1501-4CF2-B75F-81E4B209FF46}"
EndProject
Project("{FAE04EC0-301F-11D3-BF4B-00C04F79EFBC}") = "TaskManager.Common", "TaskManager.Common\TaskManager.Common.csproj", "{0E218DB0-7A8D-4342-8DC5-83EF0A366422}"
EndProject
Global
	GlobalSection(SolutionConfigurationPlatforms) = preSolution
		Debug|Any CPU = Debug|Any CPU
		Release|Any CPU = Release|Any CPU
	EndGlobalSection
	GlobalSection(ProjectConfigurationPlatforms) = postSolution
		{1F085B0E-8F7C-4F73-BBEA-021158A041C7}.Debug|Any CPU.ActiveCfg = Debug|Any CPU
		{1F085B0E-8F7C-4F73-BBEA-021158A041C7}.Debug|Any CPU.Build.0 = Debug|Any CPU
		{1F085B0E-8F7C-4F73-BBEA-021158A041C7}.Release|Any CPU.ActiveCfg = Release|Any CPU
		{1F085B0E-8F7C-4F73-BBEA-021158A041C7}.Release|Any CPU.Build.0 = Release|Any CPU
		{2E9E0F0E-7422-49BD-9220-976A04C104CD}.Debug|Any CPU.ActiveCfg = Debug|Any CPU
		{2E9E0F0E-7422-49BD-9220-976A04C104CD}.Debug|Any CPU.Build.0 = Debug|Any CPU
		{2E9E0F0E-7422-49BD-9220-976A04C104CD}.Release|Any CPU.ActiveCfg = Release|Any CPU
		{2E9E0F0E-7422-49BD-9220-976A04C104CD}.Release|Any CPU.Build.0 = Release|Any CPU
		{8B5C9184-327C-4D66-85A7-706ADB1C0CB2}.Debug|Any CPU.ActiveCfg = Debug|Any CPU
		{8B5C9184-327C-4D66-85A7-706ADB1C0CB2}.Debug|Any CPU.Build.0 = Debug|Any CPU
		{8B5C9184-327C-4D66-85A7-706ADB1C0CB2}.Release|Any CPU.ActiveCfg = Release|Any CPU
		{8B5C9184-327C-4D66-85A7-706ADB1C0CB2}.Release|Any CPU.Build.0 = Release|Any CPU
		{8D177533-67D3-4FFF-9C9A-AFF40F70AD87}.Debug|Any CPU.ActiveCfg = Debug|Any CPU
		{8D177533-67D3-4FFF-9C9A-AFF40F70AD87}.Debug|Any CPU.Build.0 = Debug|Any CPU
		{8D177533-67D3-4FFF-9C9A-AFF40F70AD87}.Release|Any CPU.ActiveCfg = Release|Any CPU
		{8D177533-67D3-4FFF-9C9A-AFF40F70AD87}.Release|Any CPU.Build.0 = Release|Any CPU
		{23DA8101-BCFB-4C5C-BD63-9D55952776EE}.Debug|Any CPU.ActiveCfg = Debug|Any CPU
		{23DA8101-BCFB-4C5C-BD63-9D55952776EE}.Debug|Any CPU.Build.0 = Debug|Any CPU
		{23DA8101-BCFB-4C5C-BD63-9D55952776EE}.Release|Any CPU.ActiveCfg = Release|Any CPU
		{23DA8101-BCFB-4C5C-BD63-9D55952776EE}.Release|Any CPU.Build.0 = Release|Any CPU
		{0E218DB0-7A8D-4342-8DC5-83EF0A366422}.Debug|Any CPU.ActiveCfg = Debug|Any CPU
		{0E218DB0-7A8D-4342-8DC5-83EF0A366422}.Debug|Any CPU.Build.0 = Debug|Any CPU
		{0E218DB0-7A8D-4342-8DC5-83EF0A366422}.Release|Any CPU.ActiveCfg = Release|Any CPU
		{0E218DB0-7A8D-4342-8DC5-83EF0A366422}.Release|Any CPU.Build.0 = Release|Any CPU
	EndGlobalSection
	GlobalSection(SolutionProperties) = preSolution
		HideSolutionNode = FALSE
	EndGlobalSection
	GlobalSection(NestedProjects) = preSolution
		{1F085B0E-8F7C-4F73-BBEA-021158A041C7} = {839693E2-FCBC-4340-A97A-6A837F8C3A2C}
		{2E9E0F0E-7422-49BD-9220-976A04C104CD} = {734167E7-7868-4EBA-8E13-B71E2BA248BF}
		{8B5C9184-327C-4D66-85A7-706ADB1C0CB2} = {734167E7-7868-4EBA-8E13-B71E2BA248BF}
		{8D177533-67D3-4FFF-9C9A-AFF40F70AD87} = {616BD3B6-E5DB-47D8-B5DB-81ED23A9B3D8}
		{23DA8101-BCFB-4C5C-BD63-9D55952776EE} = {616BD3B6-E5DB-47D8-B5DB-81ED23A9B3D8}
		{0E218DB0-7A8D-4342-8DC5-83EF0A366422} = {48A0FE0C-1501-4CF2-B75F-81E4B209FF46}
	EndGlobalSection
EndGlobal
